{
  "name": "a-frame",
  "version": "1.0.0",
  "lockfileVersion": 3,
  "requires": true,
  "packages": {
    "": {
      "name": "a-frame",
      "version": "1.0.0",
      "license": "ISC",
      "dependencies": {
        "aframe-thumb-controls-component": "^2.0.3"
      }
    },
    "node_modules/@types/estree": {
      "version": "0.0.39",
      "resolved": "https://registry.npmjs.org/@types/estree/-/estree-0.0.39.tgz",
      "integrity": "sha512-EYNwp3bU+98cpU4lAWYYL7Zz+2gryWH1qbdDTidVd6hkiR6weksdbMadyXKXNPEkQFhXM+hVO9ZygomHXp+AIw=="
    },
    "node_modules/@types/node": {
      "version": "20.12.8",
      "resolved": "https://registry.npmjs.org/@types/node/-/node-20.12.8.tgz",
      "integrity": "sha512-NU0rJLJnshZWdE/097cdCBbyW1h4hEg0xpovcoAQYHl8dnEyp/NAOiE45pvc+Bd1Dt+2r94v2eGFpQJ4R7g+2w==",
      "dependencies": {
        "undici-types": "~5.26.4"
      }
    },
    "node_modules/aframe-thumb-controls-component": {
      "version": "2.0.3",
      "resolved": "https://registry.npmjs.org/aframe-thumb-controls-component/-/aframe-thumb-controls-component-2.0.3.tgz",
      "integrity": "sha512-XeaSWQBSC4wV1/Kf4ARq2g74baGGrzdQXTz5E24wecpfaJ+31Bp3OpxCLMGIzTqL4Apdv9hmJfAbFpp3AEG6WA==",
      "dependencies": {
        "rollup": "^0.59.1"
      }
    },
    "node_modules/rollup": {
      "version": "0.59.4",
      "resolved": "https://registry.npmjs.org/rollup/-/rollup-0.59.4.tgz",
      "integrity": "sha512-ISiMqq/aJa+57QxX2MRcvLESHdJ7wSavmr6U1euMr+6UgFe6KM+3QANrYy8LQofwhTC1I7BcAdlLnDiaODs1BA==",
      "dependencies": {
        "@types/estree": "0.0.39",
        "@types/node": "*"
      },
      "bin": {
        "rollup": "bin/rollup"
      }
    },
    "node_modules/undici-types": {
      "version": "5.26.5",
      "resolved": "https://registry.npmjs.org/undici-types/-/undici-types-5.26.5.tgz",
      "integrity": "sha512-JlCMO+ehdEIKqlFxk6IfVoAUVmgz7cU7zD/h9XZ0qzeosSHmUJVOzSQvvYSYWXkFXC+IfLKSIffhv0sVZup6pA=="
    }
  }
}
